
Microsoft Visual Studio Solution File, Format Version 12.00
# Visual Studio Version 17
VisualStudioVersion = 17.3.32819.101
MinimumVisualStudioVersion = 10.0.40219.1
Project("{FAE04EC0-301F-11D3-BF4B-00C04F79EFBC}") = "OleDBFormDataSet", "OleDBFormDataSet\OleDBFormDataSet.csproj", "{F7F21EDE-3F0D-4B6A-AD6F-F23B469738FE}"
EndProject
Global
	GlobalSection(SolutionConfigurationPlatforms) = preSolution
		Debug|Any CPU = Debug|Any CPU
		Release|Any CPU = Release|Any CPU
	EndGlobalSection
	GlobalSection(ProjectConfigurationPlatforms) = postSolution
		{F7F21EDE-3F0D-4B6A-AD6F-F23B469738FE}.Debug|Any CPU.ActiveCfg = Debug|Any CPU
		{F7F21EDE-3F0D-4B6A-AD6F-F23B469738FE}.Debug|Any CPU.Build.0 = Debug|Any CPU
		{F7F21EDE-3F0D-4B6A-AD6F-F23B469738FE}.Release|Any CPU.ActiveCfg = Release|Any CPU
		{F7F21EDE-3F0D-4B6A-AD6F-F23B469738FE}.Release|Any CPU.Build.0 = Release|Any CPU
	EndGlobalSection
	GlobalSection(SolutionProperties) = preSolution
		HideSolutionNode = FALSE
	EndGlobalSection
	GlobalSection(ExtensibilityGlobals) = postSolution
		SolutionGuid = {809D4BCF-F3B7-4732-9063-EF68F6689C29}
	EndGlobalSection
EndGlobal
